
Microsoft Visual Studio Solution File, Format Version 12.00
# Visual Studio Version 17
VisualStudioVersion = 17.9.34714.143
MinimumVisualStudioVersion = 10.0.40219.1
Project("{FAE04EC0-301F-11D3-BF4B-00C04F79EFBC}") = "TechnicalTestVeraStar", "TechnicalTestVeraStar\TechnicalTestVeraStar.csproj", "{22BB59BA-1E7C-444C-A29B-962FD04B427A}"
EndProject
Global
	GlobalSection(SolutionConfigurationPlatforms) = preSolution
		Debug|Any CPU = Debug|Any CPU
		Release|Any CPU = Release|Any CPU
	EndGlobalSection
	GlobalSection(ProjectConfigurationPlatforms) = postSolution
		{22BB59BA-1E7C-444C-A29B-962FD04B427A}.Debug|Any CPU.ActiveCfg = Debug|Any CPU
		{22BB59BA-1E7C-444C-A29B-962FD04B427A}.Debug|Any CPU.Build.0 = Debug|Any CPU
		{22BB59BA-1E7C-444C-A29B-962FD04B427A}.Release|Any CPU.ActiveCfg = Release|Any CPU
		{22BB59BA-1E7C-444C-A29B-962FD04B427A}.Release|Any CPU.Build.0 = Release|Any CPU
	EndGlobalSection
	GlobalSection(SolutionProperties) = preSolution
		HideSolutionNode = FALSE
	EndGlobalSection
	GlobalSection(ExtensibilityGlobals) = postSolution
		SolutionGuid = {56D196FD-B872-4ABE-852B-CB3A38292F54}
	EndGlobalSection
EndGlobal
